
Microsoft Visual Studio Solution File, Format Version 12.00
# Visual Studio Version 17
VisualStudioVersion = 17.7.34009.444
MinimumVisualStudioVersion = 10.0.40219.1
Project("{FAE04EC0-301F-11D3-BF4B-00C04F79EFBC}") = "WebPetProject", "WebPetProject.csproj", "{3749B831-25D5-4011-A341-4C39BB8FF077}"
EndProject
Project("{FAE04EC0-301F-11D3-BF4B-00C04F79EFBC}") = "WebPetProject.Tests", "..\WebPetProject.Tests\WebPetProject.Tests.csproj", "{0F618B05-3926-4D92-A94D-F649396CC943}"
EndProject
Global
	GlobalSection(SolutionConfigurationPlatforms) = preSolution
		Debug|Any CPU = Debug|Any CPU
		Release|Any CPU = Release|Any CPU
	EndGlobalSection
	GlobalSection(ProjectConfigurationPlatforms) = postSolution
		{3749B831-25D5-4011-A341-4C39BB8FF077}.Debug|Any CPU.ActiveCfg = Debug|Any CPU
		{3749B831-25D5-4011-A341-4C39BB8FF077}.Debug|Any CPU.Build.0 = Debug|Any CPU
		{3749B831-25D5-4011-A341-4C39BB8FF077}.Release|Any CPU.ActiveCfg = Release|Any CPU
		{3749B831-25D5-4011-A341-4C39BB8FF077}.Release|Any CPU.Build.0 = Release|Any CPU
		{0F618B05-3926-4D92-A94D-F649396CC943}.Debug|Any CPU.ActiveCfg = Debug|Any CPU
		{0F618B05-3926-4D92-A94D-F649396CC943}.Debug|Any CPU.Build.0 = Debug|Any CPU
		{0F618B05-3926-4D92-A94D-F649396CC943}.Release|Any CPU.ActiveCfg = Release|Any CPU
		{0F618B05-3926-4D92-A94D-F649396CC943}.Release|Any CPU.Build.0 = Release|Any CPU
	EndGlobalSection
	GlobalSection(SolutionProperties) = preSolution
		HideSolutionNode = FALSE
	EndGlobalSection
	GlobalSection(ExtensibilityGlobals) = postSolution
		SolutionGuid = {74A92374-B998-4876-8008-467927580C85}
	EndGlobalSection
EndGlobal
